
Microsoft Visual Studio Solution File, Format Version 12.00
# Visual Studio 15
VisualStudioVersion = 15.0.28307.1831
MinimumVisualStudioVersion = 10.0.40219.1
Project("{D2ABAB84-BF74-430A-B69E-9DC6D40DDA17}") = "DWBI_Assignment2_SSAS", "DWBI_Assignment2_SSAS\DWBI_Assignment2_SSAS.dwproj", "{286DCD76-A960-4629-9B05-52F317826576}"
EndProject
Global
	GlobalSection(SolutionConfigurationPlatforms) = preSolution
		Development|Default = Development|Default
	EndGlobalSection
	GlobalSection(ProjectConfigurationPlatforms) = postSolution
		{286DCD76-A960-4629-9B05-52F317826576}.Development|Default.ActiveCfg = Development
		{286DCD76-A960-4629-9B05-52F317826576}.Development|Default.Build.0 = Development
		{286DCD76-A960-4629-9B05-52F317826576}.Development|Default.Deploy.0 = Development
	EndGlobalSection
	GlobalSection(SolutionProperties) = preSolution
		HideSolutionNode = FALSE
	EndGlobalSection
	GlobalSection(ExtensibilityGlobals) = postSolution
		SolutionGuid = {E0EE7C34-2A08-49AE-933E-C0E4520FC040}
	EndGlobalSection
EndGlobal
